PODS:
  - ffmpeg-kit-ios-full (6.0)
  - GCDWebServer/Core (3.5.4)
  - GCDWebServer/WebUploader (3.5.4):
    - GCDWebServer/Core
  - ZIPFoundation (0.9.20)

DEPENDENCIES:
  - ffmpeg-kit-ios-full (from `Vendor/ffmpeg-kit-ios-full-lgpl.podspec.json`)
  - GCDWebServer/WebUploader (~> 3.0)
  - ZIPFoundation (~> 0.9.20)

SPEC REPOS:
  trunk:
    - GCDWebServer
    - ZIPFoundation

EXTERNAL SOURCES:
  ffmpeg-kit-ios-full:
    :podspec: Vendor/ffmpeg-kit-ios-full-lgpl.podspec.json

SPEC CHECKSUMS:
  ffmpeg-kit-ios-full: 7d20651683c9c1e4e183e69af1984d785983ca51
  GCDWebServer: 2c156a56c8226e2d5c0c3f208a3621ccffbe3ce4
  ZIPFoundation: dfd3d681c4053ff7e2f7350bc4e53b5dba3f5351

PODFILE CHECKSUM: 9b971b3690c5c20db2a190e5d9b10516b25a62f8

COCOAPODS: 1.16.2
